// !$*UTF8*$!
{
	archiveVersion = 1;
	classes = {
	};
	objectVersion = 50;
	objects = {

/* Begin PBXBuildFile section */
		30A5E8F0C338F6365B1BB1B8 /* libPods-CYFNetworkHelper.a in Frameworks */ = {isa = PBXBuildFile; fileRef = F238CAC9A263CEA553730723 /* libPods-CYFNetworkHelper.a */; };
		57616477224D2B9100F073C5 /* CYFHTTPRequest.m in Sources */ = {isa = PBXBuildFile; fileRef = 57616476224D2B9100F073C5 /* CYFHTTPRequest.m */; };
		57679B4A2249BC4D005A3623 /* AppDelegate.m in Sources */ = {isa = PBXBuildFile; fileRef = 57679B492249BC4D005A3623 /* AppDelegate.m */; };
		57679B4D2249BC4D005A3623 /* ViewController.m in Sources */ = {isa = PBXBuildFile; fileRef = 57679B4C2249BC4D005A3623 /* ViewController.m */; };
		57679B502249BC4D005A3623 /* Main.storyboard in Resources */ = {isa = PBXBuildFile; fileRef = 57679B4E2249BC4D005A3623 /* Main.storyboard */; };
		57679B522249BC4F005A3623 /* Assets.xcassets in Resources */ = {isa = PBXBuildFile; fileRef = 57679B512249BC4F005A3623 /* Assets.xcassets */; };
		57679B552249BC4F005A3623 /* LaunchScreen.storyboard in Resources */ = {isa = PBXBuildFile; fileRef = 57679B532249BC4F005A3623 /* LaunchScreen.storyboard */; };
		57679B582249BC4F005A3623 /* main.m in Sources */ = {isa = PBXBuildFile; fileRef = 57679B572249BC4F005A3623 /* main.m */; };
		576C9A55224D258300F4CF08 /* CYFNetworkCache.m in Sources */ = {isa = PBXBuildFile; fileRef = 576C9A51224D258300F4CF08 /* CYFNetworkCache.m */; };
		576C9A56224D258300F4CF08 /* CYFNetworkHelper.m in Sources */ = {isa = PBXBuildFile; fileRef = 576C9A54224D258300F4CF08 /* CYFNetworkHelper.m */; };
		576C9A59224D260900F4CF08 /* CYFInterfacedConst.m in Sources */ = {isa = PBXBuildFile; fileRef = 576C9A58224D260900F4CF08 /* CYFInterfacedConst.m */; };
/* End PBXBuildFile section */

/* Begin PBXFileReference section */
		20DB819726DF6413303F8C75 /* Pods-CYFNetworkHelper.debug.xcconfig */ = {isa = PBXFileReference; includeInIndex = 1; lastKnownFileType = text.xcconfig; name = "Pods-CYFNetworkHelper.debug.xcconfig"; path = "Pods/Target Support Files/Pods-CYFNetworkHelper/Pods-CYFNetworkHelper.debug.xcconfig"; sourceTree = "<group>"; };
		57616475224D2B9100F073C5 /* CYFHTTPRequest.h */ = {isa = PBXFileReference; lastKnownFileType = sourcecode.c.h; path = CYFHTTPRequest.h; sourceTree = "<group>"; };
		57616476224D2B9100F073C5 /* CYFHTTPRequest.m */ = {isa = PBXFileReference; lastKnownFileType = sourcecode.c.objc; path = CYFHTTPRequest.m; sourceTree = "<group>"; };
		57679B452249BC4D005A3623 /* CYFNetworkHelper.app */ = {isa = PBXFileReference; explicitFileType = wrapper.application; includeInIndex = 0; path = CYFNetworkHelper.app; sourceTree = BUILT_PRODUCTS_DIR; };
		57679B482249BC4D005A3623 /* AppDelegate.h */ = {isa = PBXFileReference; lastKnownFileType = sourcecode.c.h; path = AppDelegate.h; sourceTree = "<group>"; };
		57679B492249BC4D005A3623 /* AppDelegate.m */ = {isa = PBXFileReference; lastKnownFileType = sourcecode.c.objc; path = AppDelegate.m; sourceTree = "<group>"; };
		57679B4B2249BC4D005A3623 /* ViewController.h */ = {isa = PBXFileReference; lastKnownFileType = sourcecode.c.h; path = ViewController.h; sourceTree = "<group>"; };
		57679B4C2249BC4D005A3623 /* ViewController.m */ = {isa = PBXFileReference; lastKnownFileType = sourcecode.c.objc; path = ViewController.m; sourceTree = "<group>"; };
		57679B4F2249BC4D005A3623 /* Base */ = {isa = PBXFileReference; lastKnownFileType = file.storyboard; name = Base; path = Base.lproj/Main.storyboard; sourceTree = "<group>"; };
		57679B512249BC4F005A3623 /* Assets.xcassets */ = {isa = PBXFileReference; lastKnownFileType = folder.assetcatalog; path = Assets.xcassets; sourceTree = "<group>"; };
		57679B542249BC4F005A3623 /* Base */ = {isa = PBXFileReference; lastKnownFileType = file.storyboard; name = Base; path = Base.lproj/LaunchScreen.storyboard; sourceTree = "<group>"; };
		57679B562249BC4F005A3623 /* Info.plist */ = {isa = PBXFileReference; lastKnownFileType = text.plist.xml; path = Info.plist; sourceTree = "<group>"; };
		57679B572249BC4F005A3623 /* main.m */ = {isa = PBXFileReference; lastKnownFileType = sourcecode.c.objc; path = main.m; sourceTree = "<group>"; };
		576C9A51224D258300F4CF08 /* CYFNetworkCache.m */ = {isa = PBXFileReference; fileEncoding = 4; lastKnownFileType = sourcecode.c.objc; path = CYFNetworkCache.m; sourceTree = "<group>"; };
		576C9A52224D258300F4CF08 /* CYFNetworkHelper.h */ = {isa = PBXFileReference; fileEncoding = 4; lastKnownFileType = sourcecode.c.h; path = CYFNetworkHelper.h; sourceTree = "<group>"; };
		576C9A53224D258300F4CF08 /* CYFNetworkCache.h */ = {isa = PBXFileReference; fileEncoding = 4; lastKnownFileType = sourcecode.c.h; path = CYFNetworkCache.h; sourceTree = "<group>"; };
		576C9A54224D258300F4CF08 /* CYFNetworkHelper.m */ = {isa = PBXFileReference; fileEncoding = 4; lastKnownFileType = sourcecode.c.objc; path = CYFNetworkHelper.m; sourceTree = "<group>"; };
		576C9A57224D260900F4CF08 /* CYFInterfacedConst.h */ = {isa = PBXFileReference; lastKnownFileType = sourcecode.c.h; path = CYFInterfacedConst.h; sourceTree = "<group>"; };
		576C9A58224D260900F4CF08 /* CYFInterfacedConst.m */ = {isa = PBXFileReference; lastKnownFileType = sourcecode.c.objc; path = CYFInterfacedConst.m; sourceTree = "<group>"; };
		A411B33E962E1EE4D69C751B /* Pods-CYFNetworkHelper.release.xcconfig */ = {isa = PBXFileReference; includeInIndex = 1; lastKnownFileType = text.xcconfig; name = "Pods-CYFNetworkHelper.release.xcconfig"; path = "Pods/Target Support Files/Pods-CYFNetworkHelper/Pods-CYFNetworkHelper.release.xcconfig"; sourceTree = "<group>"; };
		F238CAC9A263CEA553730723 /* libPods-CYFNetworkHelper.a */ = {isa = PBXFileReference; explicitFileType = archive.ar; includeInIndex = 0; path = "libPods-CYFNetworkHelper.a"; sourceTree = BUILT_PRODUCTS_DIR; };
/* End PBXFileReference section */

/* Begin PBXFrameworksBuildPhase section */
		57679B422249BC4D005A3623 /* Frameworks */ = {
			isa = PBXFrameworksBuildPhase;
			buildActionMask = 2147483647;
			files = (
				30A5E8F0C338F6365B1BB1B8 /* libPods-CYFNetworkHelper.a in Frameworks */,
			);
			runOnlyForDeploymentPostprocessing = 0;
		};
/* End PBXFrameworksBuildPhase section */

/* Begin PBXGroup section */
		57679B3C2249BC4D005A3623 = {
			isa = PBXGroup;
			children = (
				57679B472249BC4D005A3623 /* CYFNetworkHelper */,
				57679B462249BC4D005A3623 /* Products */,
				9EE18C7082D9AD5469CD179D /* Pods */,
				A36CE7753B4A399B7B5B9E74 /* Frameworks */,
			);
			sourceTree = "<group>";
		};
		57679B462249BC4D005A3623 /* Products */ = {
			isa = PBXGroup;
			children = (
				57679B452249BC4D005A3623 /* CYFNetworkHelper.app */,
			);
			name = Products;
			sourceTree = "<group>";
		};
		57679B472249BC4D005A3623 /* CYFNetworkHelper */ = {
			isa = PBXGroup;
			children = (
				576C9A4F224D258300F4CF08 /* CYFHTTPRequestLayer */,
				576C9A50224D258300F4CF08 /* CYFNetworkHelper */,
				57679B482249BC4D005A3623 /* AppDelegate.h */,
				57679B492249BC4D005A3623 /* AppDelegate.m */,
				57679B4B2249BC4D005A3623 /* ViewController.h */,
				57679B4C2249BC4D005A3623 /* ViewController.m */,
				57679B4E2249BC4D005A3623 /* Main.storyboard */,
				57679B512249BC4F005A3623 /* Assets.xcassets */,
				57679B532249BC4F005A3623 /* LaunchScreen.storyboard */,
				57679B562249BC4F005A3623 /* Info.plist */,
				57679B572249BC4F005A3623 /* main.m */,
			);
			path = CYFNetworkHelper;
			sourceTree = "<group>";
		};
		576C9A4F224D258300F4CF08 /* CYFHTTPRequestLayer */ = {
			isa = PBXGroup;
			children = (
				57616475224D2B9100F073C5 /* CYFHTTPRequest.h */,
				57616476224D2B9100F073C5 /* CYFHTTPRequest.m */,
				576C9A57224D260900F4CF08 /* CYFInterfacedConst.h */,
				576C9A58224D260900F4CF08 /* CYFInterfacedConst.m */,
			);
			path = CYFHTTPRequestLayer;
			sourceTree = "<group>";
		};
		576C9A50224D258300F4CF08 /* CYFNetworkHelper */ = {
			isa = PBXGroup;
			children = (
				576C9A53224D258300F4CF08 /* CYFNetworkCache.h */,
				576C9A51224D258300F4CF08 /* CYFNetworkCache.m */,
				576C9A52224D258300F4CF08 /* CYFNetworkHelper.h */,
				576C9A54224D258300F4CF08 /* CYFNetworkHelper.m */,
			);
			path = CYFNetworkHelper;
			sourceTree = "<group>";
		};
		9EE18C7082D9AD5469CD179D /* Pods */ = {
			isa = PBXGroup;
			children = (
				20DB819726DF6413303F8C75 /* Pods-CYFNetworkHelper.debug.xcconfig */,
				A411B33E962E1EE4D69C751B /* Pods-CYFNetworkHelper.release.xcconfig */,
			);
			name = Pods;
			sourceTree = "<group>";
		};
		A36CE7753B4A399B7B5B9E74 /* Frameworks */ = {
			isa = PBXGroup;
			children = (
				F238CAC9A263CEA553730723 /* libPods-CYFNetworkHelper.a */,
			);
			name = Frameworks;
			sourceTree = "<group>";
		};
/* End PBXGroup section */

/* Begin PBXNativeTarget section */
		57679B442249BC4D005A3623 /* CYFNetworkHelper */ = {
			isa = PBXNativeTarget;
			buildConfigurationList = 57679B5B2249BC4F005A3623 /* Build configuration list for PBXNativeTarget "CYFNetworkHelper" */;
			buildPhases = (
				D529900C5734187EE4E595F3 /* [CP] Check Pods Manifest.lock */,
				57679B412249BC4D005A3623 /* Sources */,
				57679B422249BC4D005A3623 /* Frameworks */,
				57679B432249BC4D005A3623 /* Resources */,
			);
			buildRules = (
			);
			dependencies = (
			);
			name = CYFNetworkHelper;
			productName = CYFNetworkHelper;
			productReference = 57679B452249BC4D005A3623 /* CYFNetworkHelper.app */;
			productType = "com.apple.product-type.application";
		};
/* End PBXNativeTarget section */

/* Begin PBXProject section */
		57679B3D2249BC4D005A3623 /* Project object */ = {
			isa = PBXProject;
			attributes = {
				LastUpgradeCheck = 1010;
				ORGANIZATIONNAME = tsaievan;
				TargetAttributes = {
					57679B442249BC4D005A3623 = {
						CreatedOnToolsVersion = 10.1;
					};
				};
			};
			buildConfigurationList = 57679B402249BC4D005A3623 /* Build configuration list for PBXProject "CYFNetworkHelper" */;
			compatibilityVersion = "Xcode 9.3";
			developmentRegion = en;
			hasScannedForEncodings = 0;
			knownRegions = (
				en,
				Base,
			);
			mainGroup = 57679B3C2249BC4D005A3623;
			productRefGroup = 57679B462249BC4D005A3623 /* Products */;
			projectDirPath = "";
			projectRoot = "";
			targets = (
				57679B442249BC4D005A3623 /* CYFNetworkHelper */,
			);
		};
/* End PBXProject section */

/* Begin PBXResourcesBuildPhase section */
		57679B432249BC4D005A3623 /* Resources */ = {
			isa = PBXResourcesBuildPhase;
			buildActionMask = 2147483647;
			files = (
				57679B552249BC4F005A3623 /* LaunchScreen.storyboard in Resources */,
				57679B522249BC4F005A3623 /* Assets.xcassets in Resources */,
				57679B502249BC4D005A3623 /* Main.storyboard in Resources */,
			);
			runOnlyForDeploymentPostprocessing = 0;
		};
/* End PBXResourcesBuildPhase section */

/* Begin PBXShellScriptBuildPhase section */
		D529900C5734187EE4E595F3 /* [CP] Check Pods Manifest.lock */ = {
			isa = PBXShellScriptBuildPhase;
			buildActionMask = 2147483647;
			files = (
			);
			inputFileListPaths = (
			);
			inputPaths = (
				"${PODS_PODFILE_DIR_PATH}/Podfile.lock",
				"${PODS_ROOT}/Manifest.lock",
			);
			name = "[CP] Check Pods Manifest.lock";
			outputFileListPaths = (
			);
			outputPaths = (
				"$(DERIVED_FILE_DIR)/Pods-CYFNetworkHelper-checkManifestLockResult.txt",
			);
			runOnlyForDeploymentPostprocessing = 0;
			shellPath = /bin/sh;
			shellScript = "diff \"${PODS_PODFILE_DIR_PATH}/Podfile.lock\" \"${PODS_ROOT}/Manifest.lock\" > /dev/null\nif [ $? != 0 ] ; then\n    # print error to STDERR\n    echo \"error: The sandbox is not in sync with the Podfile.lock. Run 'pod install' or update your CocoaPods installation.\" >&2\n    exit 1\nfi\n# This output is used by Xcode 'outputs' to avoid re-running this script phase.\necho \"SUCCESS\" > \"${SCRIPT_OUTPUT_FILE_0}\"\n";
			showEnvVarsInLog = 0;
		};
/* End PBXShellScriptBuildPhase section */

/* Begin PBXSourcesBuildPhase section */
		57679B412249BC4D005A3623 /* Sources */ = {
			isa = PBXSourcesBuildPhase;
			buildActionMask = 2147483647;
			files = (
				576C9A55224D258300F4CF08 /* CYFNetworkCache.m in Sources */,
				57616477224D2B9100F073C5 /* CYFHTTPRequest.m in Sources */,
				57679B4D2249BC4D005A3623 /* ViewController.m in Sources */,
				576C9A56224D258300F4CF08 /* CYFNetworkHelper.m in Sources */,
				576C9A59224D260900F4CF08 /* CYFInterfacedConst.m in Sources */,
				57679B582249BC4F005A3623 /* main.m in Sources */,
				57679B4A2249BC4D005A3623 /* AppDelegate.m in Sources */,
			);
			runOnlyForDeploymentPostprocessing = 0;
		};
/* End PBXSourcesBuildPhase section */

/* Begin PBXVariantGroup section */
		57679B4E2249BC4D005A3623 /* Main.storyboard */ = {
			isa = PBXVariantGroup;
			children = (
				57679B4F2249BC4D005A3623 /* Base */,
			);
			name = Main.storyboard;
			sourceTree = "<group>";
		};
		57679B532249BC4F005A3623 /* LaunchScreen.storyboard */ = {
			isa = PBXVariantGroup;
			children = (
				57679B542249BC4F005A3623 /* Base */,
			);
			name = LaunchScreen.storyboard;
			sourceTree = "<group>";
		};
/* End PBXVariantGroup section */

/* Begin XCBuildConfiguration section */
		57679B592249BC4F005A3623 /* Debug */ = {
			isa = XCBuildConfiguration;
			buildSettings = {
				ALWAYS_SEARCH_USER_PATHS = NO;
				CLANG_ANALYZER_NONNULL = YES;
				CLANG_ANALYZER_NUMBER_OBJECT_CONVERSION = YES_AGGRESSIVE;
				CLANG_CXX_LANGUAGE_STANDARD = "gnu++14";
				CLANG_CXX_LIBRARY = "libc++";
				CLANG_ENABLE_MODULES = YES;
				CLANG_ENABLE_OBJC_ARC = YES;
				CLANG_ENABLE_OBJC_WEAK = YES;
				CLANG_WARN_BLOCK_CAPTURE_AUTORELEASING = YES;
				CLANG_WARN_BOOL_CONVERSION = YES;
				CLANG_WARN_COMMA = YES;
				CLANG_WARN_CONSTANT_CONVERSION = YES;
				CLANG_WARN_DEPRECATED_OBJC_IMPLEMENTATIONS = YES;
				CLANG_WARN_DIRECT_OBJC_ISA_USAGE = YES_ERROR;
				CLANG_WARN_DOCUMENTATION_COMMENTS = YES;
				CLANG_WARN_EMPTY_BODY = YES;
				CLANG_WARN_ENUM_CONVERSION = YES;
				CLANG_WARN_INFINITE_RECURSION = YES;
				CLANG_WARN_INT_CONVERSION = YES;
				CLANG_WARN_NON_LITERAL_NULL_CONVERSION = YES;
				CLANG_WARN_OBJC_IMPLICIT_RETAIN_SELF = YES;
				CLANG_WARN_OBJC_LITERAL_CONVERSION = YES;
				CLANG_WARN_OBJC_ROOT_CLASS = YES_ERROR;
				CLANG_WARN_RANGE_LOOP_ANALYSIS = YES;
				CLANG_WARN_STRICT_PROTOTYPES = YES;
				CLANG_WARN_SUSPICIOUS_MOVE = YES;
				CLANG_WARN_UNGUARDED_AVAILABILITY = YES_AGGRESSIVE;
				CLANG_WARN_UNREACHABLE_CODE = YES;
				CLANG_WARN__DUPLICATE_METHOD_MATCH = YES;
				CODE_SIGN_IDENTITY = "iPhone Developer";
				COPY_PHASE_STRIP = NO;
				DEBUG_INFORMATION_FORMAT = dwarf;
				ENABLE_STRICT_OBJC_MSGSEND = YES;
				ENABLE_TESTABILITY = YES;
				GCC_C_LANGUAGE_STANDARD = gnu11;
				GCC_DYNAMIC_NO_PIC = NO;
				GCC_NO_COMMON_BLOCKS = YES;
				GCC_OPTIMIZATION_LEVEL = 0;
				GCC_PREPROCESSOR_DEFINITIONS = (
					"DEBUG=1",
					"$(inherited)",
				);
				GCC_WARN_64_TO_32_BIT_CONVERSION = YES;
				GCC_WARN_ABOUT_RETURN_TYPE = YES_ERROR;
				GCC_WARN_UNDECLARED_SELECTOR = YES;
				GCC_WARN_UNINITIALIZED_AUTOS = YES_AGGRESSIVE;
				GCC_WARN_UNUSED_FUNCTION = YES;
				GCC_WARN_UNUSED_VARIABLE = YES;
				IPHONEOS_DEPLOYMENT_TARGET = 12.1;
				MTL_ENABLE_DEBUG_INFO = INCLUDE_SOURCE;
				MTL_FAST_MATH = YES;
				ONLY_ACTIVE_ARCH = YES;
				SDKROOT = iphoneos;
			};
			name = Debug;
		};
		57679B5A2249BC4F005A3623 /* Release */ = {
			isa = XCBuildConfiguration;
			buildSettings = {
				ALWAYS_SEARCH_USER_PATHS = NO;
				CLANG_ANALYZER_NONNULL = YES;
				CLANG_ANALYZER_NUMBER_OBJECT_CONVERSION = YES_AGGRESSIVE;
				CLANG_CXX_LANGUAGE_STANDARD = "gnu++14";
				CLANG_CXX_LIBRARY = "libc++";
				CLANG_ENABLE_MODULES = YES;
				CLANG_ENABLE_OBJC_ARC = YES;
				CLANG_ENABLE_OBJC_WEAK = YES;
				CLANG_WARN_BLOCK_CAPTURE_AUTORELEASING = YES;
				CLANG_WARN_BOOL_CONVERSION = YES;
				CLANG_WARN_COMMA = YES;
				CLANG_WARN_CONSTANT_CONVERSION = YES;
				CLANG_WARN_DEPRECATED_OBJC_IMPLEMENTATIONS = YES;
				CLANG_WARN_DIRECT_OBJC_ISA_USAGE = YES_ERROR;
				CLANG_WARN_DOCUMENTATION_COMMENTS = YES;
				CLANG_WARN_EMPTY_BODY = YES;
				CLANG_WARN_ENUM_CONVERSION = YES;
				CLANG_WARN_INFINITE_RECURSION = YES;
				CLANG_WARN_INT_CONVERSION = YES;
				CLANG_WARN_NON_LITERAL_NULL_CONVERSION = YES;
				CLANG_WARN_OBJC_IMPLICIT_RETAIN_SELF = YES;
				CLANG_WARN_OBJC_LITERAL_CONVERSION = YES;
				CLANG_WARN_OBJC_ROOT_CLASS = YES_ERROR;
				CLANG_WARN_RANGE_LOOP_ANALYSIS = YES;
				CLANG_WARN_STRICT_PROTOTYPES = YES;
				CLANG_WARN_SUSPICIOUS_MOVE = YES;
				CLANG_WARN_UNGUARDED_AVAILABILITY = YES_AGGRESSIVE;
				CLANG_WARN_UNREACHABLE_CODE = YES;
				CLANG_WARN__DUPLICATE_METHOD_MATCH = YES;
				CODE_SIGN_IDENTITY = "iPhone Developer";
				COPY_PHASE_STRIP = NO;
				DEBUG_INFORMATION_FORMAT = "dwarf-with-dsym";
				ENABLE_NS_ASSERTIONS = NO;
				ENABLE_STRICT_OBJC_MSGSEND = YES;
				GCC_C_LANGUAGE_STANDARD = gnu11;
				GCC_NO_COMMON_BLOCKS = YES;
				GCC_WARN_64_TO_32_BIT_CONVERSION = YES;
				GCC_WARN_ABOUT_RETURN_TYPE = YES_ERROR;
				GCC_WARN_UNDECLARED_SELECTOR = YES;
				GCC_WARN_UNINITIALIZED_AUTOS = YES_AGGRESSIVE;
				GCC_WARN_UNUSED_FUNCTION = YES;
				GCC_WARN_UNUSED_VARIABLE = YES;
				IPHONEOS_DEPLOYMENT_TARGET = 12.1;
				MTL_ENABLE_DEBUG_INFO = NO;
				MTL_FAST_MATH = YES;
				SDKROOT = iphoneos;
				VALIDATE_PRODUCT = YES;
			};
			name = Release;
		};
		57679B5C2249BC4F005A3623 /* Debug */ = {
			isa = XCBuildConfiguration;
			baseConfigurationReference = 20DB819726DF6413303F8C75 /* Pods-CYFNetworkHelper.debug.xcconfig */;
			buildSettings = {
				ASSETCATALOG_COMPILER_APPICON_NAME = AppIcon;
				CODE_SIGN_STYLE = Automatic;
				INFOPLIST_FILE = CYFNetworkHelper/Info.plist;
				LD_RUNPATH_SEARCH_PATHS = (
					"$(inherited)",
					"@executable_path/Frameworks",
				);
				PRODUCT_BUNDLE_IDENTIFIER = com.tsaievan.CYFNetworkHelper;
				PRODUCT_NAME = "$(TARGET_NAME)";
				TARGETED_DEVICE_FAMILY = "1,2";
			};
			name = Debug;
		};
		57679B5D2249BC4F005A3623 /* Release */ = {
			isa = XCBuildConfiguration;
			baseConfigurationReference = A411B33E962E1EE4D69C751B /* Pods-CYFNetworkHelper.release.xcconfig */;
			buildSettings = {
				ASSETCATALOG_COMPILER_APPICON_NAME = AppIcon;
				CODE_SIGN_STYLE = Automatic;
				INFOPLIST_FILE = CYFNetworkHelper/Info.plist;
				LD_RUNPATH_SEARCH_PATHS = (
					"$(inherited)",
					"@executable_path/Frameworks",
				);
				PRODUCT_BUNDLE_IDENTIFIER = com.tsaievan.CYFNetworkHelper;
				PRODUCT_NAME = "$(TARGET_NAME)";
				TARGETED_DEVICE_FAMILY = "1,2";
			};
			name = Release;
		};
/* End XCBuildConfiguration section */

/* Begin XCConfigurationList section */
		57679B402249BC4D005A3623 /* Build configuration list for PBXProject "CYFNetworkHelper" */ = {
			isa = XCConfigurationList;
			buildConfigurations = (
				57679B592249BC4F005A3623 /* Debug */,
				57679B5A2249BC4F005A3623 /* Release */,
			);
			defaultConfigurationIsVisible = 0;
			defaultConfigurationName = Release;
		};
		57679B5B2249BC4F005A3623 /* Build configuration list for PBXNativeTarget "CYFNetworkHelper" */ = {
			isa = XCConfigurationList;
			buildConfigurations = (
				57679B5C2249BC4F005A3623 /* Debug */,
				57679B5D2249BC4F005A3623 /* Release */,
			);
			defaultConfigurationIsVisible = 0;
			defaultConfigurationName = Release;
		};
/* End XCConfigurationList section */
	};
	rootObject = 57679B3D2249BC4D005A3623 /* Project object */;
}
